
Microsoft Visual Studio Solution File, Format Version 12.00
# Visual Studio 15
VisualStudioVersion = 15.0.26124.0
MinimumVisualStudioVersion = 15.0.26124.0
Project("{FAE04EC0-301F-11D3-BF4B-00C04F79EFBC}") = "Rabbitr.Net", "src\Rabbitr\Rabbitr.Net.csproj", "{AA5125FF-7A63-4FB5-8DF7-5CB378D2372A}"
EndProject
Project("{FAE04EC0-301F-11D3-BF4B-00C04F79EFBC}") = "Rabbitr.Net.Autofac", "src\Rabbitr.Net.Autofac\Rabbitr.Net.Autofac.csproj", "{4AB7A89E-4BB2-4E12-9A50-20604DB7EEC2}"
EndProject
Project("{2150E333-8FDC-42A3-9474-1A3956D46DE8}") = "tests", "tests", "{2639763C-E81E-4817-9189-0E968C7CC9F8}"
EndProject
Project("{FAE04EC0-301F-11D3-BF4B-00C04F79EFBC}") = "Rabbitr.Net.UnitTests", "tests\Rabbitr.Net.UnitTests\Rabbitr.Net.UnitTests.csproj", "{19F045CF-68D7-4CE6-AA28-70D2DBF362A4}"
EndProject
Global
	GlobalSection(SolutionConfigurationPlatforms) = preSolution
		Debug|Any CPU = Debug|Any CPU
		Debug|x64 = Debug|x64
		Debug|x86 = Debug|x86
		Release|Any CPU = Release|Any CPU
		Release|x64 = Release|x64
		Release|x86 = Release|x86
	EndGlobalSection
	GlobalSection(SolutionProperties) = preSolution
		HideSolutionNode = FALSE
	EndGlobalSection
	GlobalSection(ProjectConfigurationPlatforms) = postSolution
		{AA5125FF-7A63-4FB5-8DF7-5CB378D2372A}.Debug|Any CPU.ActiveCfg = Debug|Any CPU
		{AA5125FF-7A63-4FB5-8DF7-5CB378D2372A}.Debug|Any CPU.Build.0 = Debug|Any CPU
		{AA5125FF-7A63-4FB5-8DF7-5CB378D2372A}.Debug|x64.ActiveCfg = Debug|x64
		{AA5125FF-7A63-4FB5-8DF7-5CB378D2372A}.Debug|x64.Build.0 = Debug|x64
		{AA5125FF-7A63-4FB5-8DF7-5CB378D2372A}.Debug|x86.ActiveCfg = Debug|x86
		{AA5125FF-7A63-4FB5-8DF7-5CB378D2372A}.Debug|x86.Build.0 = Debug|x86
		{AA5125FF-7A63-4FB5-8DF7-5CB378D2372A}.Release|Any CPU.ActiveCfg = Release|Any CPU
		{AA5125FF-7A63-4FB5-8DF7-5CB378D2372A}.Release|Any CPU.Build.0 = Release|Any CPU
		{AA5125FF-7A63-4FB5-8DF7-5CB378D2372A}.Release|x64.ActiveCfg = Release|x64
		{AA5125FF-7A63-4FB5-8DF7-5CB378D2372A}.Release|x64.Build.0 = Release|x64
		{AA5125FF-7A63-4FB5-8DF7-5CB378D2372A}.Release|x86.ActiveCfg = Release|x86
		{AA5125FF-7A63-4FB5-8DF7-5CB378D2372A}.Release|x86.Build.0 = Release|x86
		{4AB7A89E-4BB2-4E12-9A50-20604DB7EEC2}.Debug|Any CPU.ActiveCfg = Debug|Any CPU
		{4AB7A89E-4BB2-4E12-9A50-20604DB7EEC2}.Debug|Any CPU.Build.0 = Debug|Any CPU
		{4AB7A89E-4BB2-4E12-9A50-20604DB7EEC2}.Debug|x64.ActiveCfg = Debug|x64
		{4AB7A89E-4BB2-4E12-9A50-20604DB7EEC2}.Debug|x64.Build.0 = Debug|x64
		{4AB7A89E-4BB2-4E12-9A50-20604DB7EEC2}.Debug|x86.ActiveCfg = Debug|x86
		{4AB7A89E-4BB2-4E12-9A50-20604DB7EEC2}.Debug|x86.Build.0 = Debug|x86
		{4AB7A89E-4BB2-4E12-9A50-20604DB7EEC2}.Release|Any CPU.ActiveCfg = Release|Any CPU
		{4AB7A89E-4BB2-4E12-9A50-20604DB7EEC2}.Release|Any CPU.Build.0 = Release|Any CPU
		{4AB7A89E-4BB2-4E12-9A50-20604DB7EEC2}.Release|x64.ActiveCfg = Release|x64
		{4AB7A89E-4BB2-4E12-9A50-20604DB7EEC2}.Release|x64.Build.0 = Release|x64
		{4AB7A89E-4BB2-4E12-9A50-20604DB7EEC2}.Release|x86.ActiveCfg = Release|x86
		{4AB7A89E-4BB2-4E12-9A50-20604DB7EEC2}.Release|x86.Build.0 = Release|x86
		{19F045CF-68D7-4CE6-AA28-70D2DBF362A4}.Debug|Any CPU.ActiveCfg = Debug|Any CPU
		{19F045CF-68D7-4CE6-AA28-70D2DBF362A4}.Debug|Any CPU.Build.0 = Debug|Any CPU
		{19F045CF-68D7-4CE6-AA28-70D2DBF362A4}.Debug|x64.ActiveCfg = Debug|x64
		{19F045CF-68D7-4CE6-AA28-70D2DBF362A4}.Debug|x64.Build.0 = Debug|x64
		{19F045CF-68D7-4CE6-AA28-70D2DBF362A4}.Debug|x86.ActiveCfg = Debug|x86
		{19F045CF-68D7-4CE6-AA28-70D2DBF362A4}.Debug|x86.Build.0 = Debug|x86
		{19F045CF-68D7-4CE6-AA28-70D2DBF362A4}.Release|Any CPU.ActiveCfg = Release|Any CPU
		{19F045CF-68D7-4CE6-AA28-70D2DBF362A4}.Release|Any CPU.Build.0 = Release|Any CPU
		{19F045CF-68D7-4CE6-AA28-70D2DBF362A4}.Release|x64.ActiveCfg = Release|x64
		{19F045CF-68D7-4CE6-AA28-70D2DBF362A4}.Release|x64.Build.0 = Release|x64
		{19F045CF-68D7-4CE6-AA28-70D2DBF362A4}.Release|x86.ActiveCfg = Release|x86
		{19F045CF-68D7-4CE6-AA28-70D2DBF362A4}.Release|x86.Build.0 = Release|x86
	EndGlobalSection
	GlobalSection(NestedProjects) = preSolution
		{19F045CF-68D7-4CE6-AA28-70D2DBF362A4} = {2639763C-E81E-4817-9189-0E968C7CC9F8}
	EndGlobalSection
EndGlobal
